
Microsoft Visual Studio Solution File, Format Version 12.00
# Visual Studio Version 17
VisualStudioVersion = 17.10.35027.167
MinimumVisualStudioVersion = 10.0.40219.1
Project("{FAE04EC0-301F-11D3-BF4B-00C04F79EFBC}") = "pokemon", "pokemon\pokemon.csproj", "{8603F6B2-6823-427B-BF9F-D31D5525CB26}"
EndProject
Global
	GlobalSection(SolutionConfigurationPlatforms) = preSolution
		Debug|Any CPU = Debug|Any CPU
		Release|Any CPU = Release|Any CPU
	EndGlobalSection
	GlobalSection(ProjectConfigurationPlatforms) = postSolution
		{8603F6B2-6823-427B-BF9F-D31D5525CB26}.Debug|Any CPU.ActiveCfg = Debug|Any CPU
		{8603F6B2-6823-427B-BF9F-D31D5525CB26}.Debug|Any CPU.Build.0 = Debug|Any CPU
		{8603F6B2-6823-427B-BF9F-D31D5525CB26}.Release|Any CPU.ActiveCfg = Release|Any CPU
		{8603F6B2-6823-427B-BF9F-D31D5525CB26}.Release|Any CPU.Build.0 = Release|Any CPU
	EndGlobalSection
	GlobalSection(SolutionProperties) = preSolution
		HideSolutionNode = FALSE
	EndGlobalSection
	GlobalSection(ExtensibilityGlobals) = postSolution
		SolutionGuid = {B5FE6ECB-E168-4260-B1AF-24AB6DF51FDE}
	EndGlobalSection
EndGlobal
